<?xml version="1.0" encoding="utf-8"?>
<Project ToolsVersion="4.0" xmlns="http://schemas.microsoft.com/developer/msbuild/2003">
  <ItemGroup>
    <ClInclude Include="Headers\Windows_Fixed.h" />
    <ClInclude Include="Headers\Window.h" />
    <ClInclude Include="Headers\Keyboard.h" />
    <ClInclude Include="Headers\Application.h" />
    <ClInclude Include="Headers\Renderer.h" />
    <ClInclude Include="Headers\ChiliException.h" />
    <ClInclude Include="DxErr\dxerr.h" />
    <ClInclude Include="Headers\DirectXThrowMacros.h" />
    <ClInclude Include="Headers\Bindables\Bindable.h" />
    <ClInclude Include="Headers\Drawables\Drawable.h" />
    <ClInclude Include="Headers\Bindables\IndexBuffer.h" />
    <ClInclude Include="Headers\Bindables\VertexBuffer.h" />
    <ClInclude Include="Headers\Bindables\Topology.h" />
    <ClInclude Include="Headers\Bindables\VertexShader.h" />
    <ClInclude Include="Headers\Bindables\PixelShader.h" />
    <ClInclude Include="Headers\Vertex.h" />
    <ClInclude Include="Headers\Color.h" />
    <ClInclude Include="Headers\Bindables\ConstantBuffers.h" />
    <ClInclude Include="Headers\Bindables\InputLayout.h" />
    <ClInclude Include="Headers\Drawables\Quad.h" />
    <ClInclude Include="Headers\Drawables\DrawableStatics.h" />
    <ClInclude Include="Headers\Drawables\Ball.h" />
    <ClInclude Include="Headers\Vector2.h" />
    <ClInclude Include="Headers\Drawables\DestructibleBlock.h" />
    <ClInclude Include="Headers\Drawables\Paddle.h" />
    <ClInclude Include="Headers\CollisionHandler.h" />
    <ClInclude Include="Headers\Grid.h" />
  </ItemGroup>
  <ItemGroup>
    <ClCompile Include="Source\Main.cpp" />
    <ClCompile Include="Source\Window.cpp" />
    <ClCompile Include="Source\Keyboard.cpp" />
    <ClCompile Include="Source\Application.cpp" />
    <ClCompile Include="Source\Renderer.cpp" />
    <ClCompile Include="Source\ChiliException.cpp" />
    <ClCompile Include="DxErr\dxerr.cpp" />
    <ClCompile Include="Source\Bindables\Bindable.cpp" />
    <ClCompile Include="Source\Drawables\Drawable.cpp" />
    <ClCompile Include="Source\Bindables\IndexBuffer.cpp" />
    <ClCompile Include="Source\Bindables\VertexBuffer.cpp" />
    <ClCompile Include="Source\Bindables\Topology.cpp" />
    <ClCompile Include="Source\Bindables\VertexShader.cpp" />
    <ClCompile Include="Source\Bindables\PixelShader.cpp" />
    <ClCompile Include="Source\Bindables\InputLayout.cpp" />
    <ClCompile Include="Source\Drawables\Quad.cpp" />
    <ClCompile Include="Source\Drawables\Ball.cpp" />
    <ClCompile Include="Source\Vector2.cpp" />
    <ClCompile Include="Source\Drawables\DestructibleBlock.cpp" />
    <ClCompile Include="Source\Drawables\Paddle.cpp" />
    <ClCompile Include="Source\Color.cpp" />
    <ClCompile Include="Source\CollisionHandler.cpp" />
  </ItemGroup>
  <ItemGroup>
    <FxCompile Include="Shaders\VertexShader.hlsl" />
    <FxCompile Include="Shaders\PixelShader.hlsl" />
  </ItemGroup>
  <ItemGroup>
    <None Include="DxErr\DXGetErrorDescription.inl" />
    <None Include="DxErr\DXGetErrorString.inl" />
    <None Include="DxErr\DXTrace.inl" />
  </ItemGroup>
</Project>